{
    "hash": "ffe204562cb83d09b3b74d30e64038fd",
    "packages": [
        {
            "package": "crisu83/yii-bootstrap",
            "version": "0.9.12"
        },
        {
            "package": "crisu83/yii-rights",
            "version": "0.0.1"
        },
        {
            "package": "mishamx/yii-user",
            "version": "0.0.1"
        },
        {
            "package": "phundament/gii-template-collection",
            "version": "dev-master",
            "source-reference": "157cc799ce61e33e66a2c0c8b38b6049ed967fa2",
            "commit-date": "1337705299"
        },
        {
            "package": "phundament/jquery-file-upload",
            "version": "0.0.1"
        },
        {
            "package": "phundament/p3admin",
            "version": "dev-master",
            "source-reference": "cb34321dcfe709f1a37ee29092b9ad0f26614211",
            "commit-date": "1338968047"
        },
        {
            "package": "phundament/p3extensions",
            "version": "dev-master",
            "source-reference": "a523da16dcc7def594adf392c001188e1ee2e5fb",
            "commit-date": "1341245708"
        },
        {
            "package": "phundament/p3media",
            "version": "dev-master",
            "source-reference": "8b9da6550657a960feb5bfcf7bf6386a33c67683",
            "commit-date": "1341587553"
        },
        {
            "package": "phundament/p3pages",
            "version": "dev-master",
            "source-reference": "46fadf83d401aae4b683ff749b68528d02aa7469",
            "commit-date": "1341230769"
        },
        {
            "package": "phundament/p3widgets",
            "version": "dev-master",
            "source-reference": "a0aae1db6f00b55a7dae489e0dda94547e1578a4",
            "commit-date": "1341234200"
        },
        {
            "package": "phundament/themes/p3bootstrap",
            "version": "dev-master",
            "source-reference": "35ad4d02fed9ac85bed448b96ca65b2361b4f5cf",
            "commit-date": "1340303218"
        },
        {
            "package": "yiiext/fancybox-widget",
            "version": "0.0.1"
        },
        {
            "package": "yiiext/lipsum-widget",
            "version": "0.0.1"
        },
        {
            "package": "yiisoft/yii",
            "version": "1.1.10"
        }
    ],
    "packages-dev": [
        {
            "package": "crisu83/yii-less",
            "version": "0.0.1"
        },
        {
            "package": "phundament/lessii",
            "version": "dev-master",
            "source-reference": "44a7777a602a97a1f86a96f10f1deccab46d2b47",
            "commit-date": "1340304175"
        },
        {
            "package": "twitter/bootstrap",
            "version": "2.0.3"
        }
    ],
    "aliases": [

    ],
    "minimum-stability": "dev",
    "stability-flags": {
        "phundament/p3admin": 20,
        "phundament/p3widgets": 20,
        "phundament/p3pages": 20,
        "phundament/p3media": 20,
        "phundament/themes/p3bootstrap": 20,
        "phundament/gii-template-collection": 20,
        "phundament/lessii": 20
    }
}
